
Microsoft Visual Studio Solution File, Format Version 12.00
# Visual Studio Version 17
VisualStudioVersion = 17.4.33103.184
MinimumVisualStudioVersion = 10.0.40219.1
Project("{9A19103F-16F7-4668-BE54-9A1E7A4F7556}") = "NutridemApp", "NutridemApp.csproj", "{ECA5C3B1-8908-4210-97A8-4E48DCE9F9F4}"
EndProject
Global
	GlobalSection(SolutionConfigurationPlatforms) = preSolution
		Debug|Any CPU = Debug|Any CPU
		Release|Any CPU = Release|Any CPU
	EndGlobalSection
	GlobalSection(ProjectConfigurationPlatforms) = postSolution
		{ECA5C3B1-8908-4210-97A8-4E48DCE9F9F4}.Debug|Any CPU.ActiveCfg = Debug|Any CPU
		{ECA5C3B1-8908-4210-97A8-4E48DCE9F9F4}.Debug|Any CPU.Build.0 = Debug|Any CPU
		{ECA5C3B1-8908-4210-97A8-4E48DCE9F9F4}.Release|Any CPU.ActiveCfg = Release|Any CPU
		{ECA5C3B1-8908-4210-97A8-4E48DCE9F9F4}.Release|Any CPU.Build.0 = Release|Any CPU
	EndGlobalSection
	GlobalSection(SolutionProperties) = preSolution
		HideSolutionNode = FALSE
	EndGlobalSection
	GlobalSection(ExtensibilityGlobals) = postSolution
		SolutionGuid = {4CD4A810-D3F0-4A17-90EA-2270B1C9E2E5}
	EndGlobalSection
EndGlobal
